
Microsoft Visual Studio Solution File, Format Version 12.00
# Visual Studio Version 17
VisualStudioVersion = 17.14.37111.16 d17.14
MinimumVisualStudioVersion = 10.0.40219.1
Project("{FAE04EC0-301F-11D3-BF4B-00C04F79EFBC}") = "WinFormsApp1", "WinFormsApp1\WinFormsApp1.csproj", "{2343F185-B1B0-480F-8066-9AAEF6B20437}"
EndProject
Global
	GlobalSection(SolutionConfigurationPlatforms) = preSolution
		Debug|Any CPU = Debug|Any CPU
		Release|Any CPU = Release|Any CPU
	EndGlobalSection
	GlobalSection(ProjectConfigurationPlatforms) = postSolution
		{2343F185-B1B0-480F-8066-9AAEF6B20437}.Debug|Any CPU.ActiveCfg = Debug|Any CPU
		{2343F185-B1B0-480F-8066-9AAEF6B20437}.Debug|Any CPU.Build.0 = Debug|Any CPU
		{2343F185-B1B0-480F-8066-9AAEF6B20437}.Release|Any CPU.ActiveCfg = Release|Any CPU
		{2343F185-B1B0-480F-8066-9AAEF6B20437}.Release|Any CPU.Build.0 = Release|Any CPU
	EndGlobalSection
	GlobalSection(SolutionProperties) = preSolution
		HideSolutionNode = FALSE
	EndGlobalSection
	GlobalSection(ExtensibilityGlobals) = postSolution
		SolutionGuid = {60891F1D-C68F-48CD-B292-5789C982AF6A}
	EndGlobalSection
EndGlobal
